
Microsoft Visual Studio Solution File, Format Version 12.00
# Visual Studio 15
VisualStudioVersion = 15.0.27703.2035
MinimumVisualStudioVersion = 10.0.40219.1
Project("{FAE04EC0-301F-11D3-BF4B-00C04F79EFBC}") = "xF.Recursos.Android", "xF.Recursos\xF.Recursos.Android\xF.Recursos.Android.csproj", "{3F60277D-B258-44DD-87B3-34E6D1414BCA}"
EndProject
Project("{FAE04EC0-301F-11D3-BF4B-00C04F79EFBC}") = "xF.Recursos.iOS", "xF.Recursos\xF.Recursos.iOS\xF.Recursos.iOS.csproj", "{B8DA1FB9-3224-4248-B63F-D6606E7A7702}"
EndProject
Project("{FAE04EC0-301F-11D3-BF4B-00C04F79EFBC}") = "xF.Recursos", "xF.Recursos\xF.Recursos\xF.Recursos.csproj", "{3D0F9FC2-D896-497F-AC5B-B2F64BF4DF09}"
EndProject
Global
	GlobalSection(SolutionConfigurationPlatforms) = preSolution
		Ad-Hoc|Any CPU = Ad-Hoc|Any CPU
		Ad-Hoc|iPhone = Ad-Hoc|iPhone
		Ad-Hoc|iPhoneSimulator = Ad-Hoc|iPhoneSimulator
		AppStore|Any CPU = AppStore|Any CPU
		AppStore|iPhone = AppStore|iPhone
		AppStore|iPhoneSimulator = AppStore|iPhoneSimulator
		Debug|Any CPU = Debug|Any CPU
		Debug|iPhone = Debug|iPhone
		Debug|iPhoneSimulator = Debug|iPhoneSimulator
		Release|Any CPU = Release|Any CPU
		Release|iPhone = Release|iPhone
		Release|iPhoneSimulator = Release|iPhoneSimulator
	EndGlobalSection
	GlobalSection(ProjectConfigurationPlatforms) = postSolution
		{3F60277D-B258-44DD-87B3-34E6D1414BCA}.Ad-Hoc|Any CPU.ActiveCfg = Release|Any CPU
		{3F60277D-B258-44DD-87B3-34E6D1414BCA}.Ad-Hoc|Any CPU.Build.0 = Release|Any CPU
		{3F60277D-B258-44DD-87B3-34E6D1414BCA}.Ad-Hoc|Any CPU.Deploy.0 = Release|Any CPU
		{3F60277D-B258-44DD-87B3-34E6D1414BCA}.Ad-Hoc|iPhone.ActiveCfg = Release|Any CPU
		{3F60277D-B258-44DD-87B3-34E6D1414BCA}.Ad-Hoc|iPhone.Build.0 = Release|Any CPU
		{3F60277D-B258-44DD-87B3-34E6D1414BCA}.Ad-Hoc|iPhone.Deploy.0 = Release|Any CPU
		{3F60277D-B258-44DD-87B3-34E6D1414BCA}.Ad-Hoc|iPhoneSimulator.ActiveCfg = Release|Any CPU
		{3F60277D-B258-44DD-87B3-34E6D1414BCA}.Ad-Hoc|iPhoneSimulator.Build.0 = Release|Any CPU
		{3F60277D-B258-44DD-87B3-34E6D1414BCA}.Ad-Hoc|iPhoneSimulator.Deploy.0 = Release|Any CPU
		{3F60277D-B258-44DD-87B3-34E6D1414BCA}.AppStore|Any CPU.ActiveCfg = Release|Any CPU
		{3F60277D-B258-44DD-87B3-34E6D1414BCA}.AppStore|Any CPU.Build.0 = Release|Any CPU
		{3F60277D-B258-44DD-87B3-34E6D1414BCA}.AppStore|Any CPU.Deploy.0 = Release|Any CPU
		{3F60277D-B258-44DD-87B3-34E6D1414BCA}.AppStore|iPhone.ActiveCfg = Release|Any CPU
		{3F60277D-B258-44DD-87B3-34E6D1414BCA}.AppStore|iPhone.Build.0 = Release|Any CPU
		{3F60277D-B258-44DD-87B3-34E6D1414BCA}.AppStore|iPhone.Deploy.0 = Release|Any CPU
		{3F60277D-B258-44DD-87B3-34E6D1414BCA}.AppStore|iPhoneSimulator.ActiveCfg = Release|Any CPU
		{3F60277D-B258-44DD-87B3-34E6D1414BCA}.AppStore|iPhoneSimulator.Build.0 = Release|Any CPU
		{3F60277D-B258-44DD-87B3-34E6D1414BCA}.AppStore|iPhoneSimulator.Deploy.0 = Release|Any CPU
		{3F60277D-B258-44DD-87B3-34E6D1414BCA}.Debug|Any CPU.ActiveCfg = Debug|Any CPU
		{3F60277D-B258-44DD-87B3-34E6D1414BCA}.Debug|Any CPU.Build.0 = Debug|Any CPU
		{3F60277D-B258-44DD-87B3-34E6D1414BCA}.Debug|Any CPU.Deploy.0 = Debug|Any CPU
		{3F60277D-B258-44DD-87B3-34E6D1414BCA}.Debug|iPhone.ActiveCfg = Debug|Any CPU
		{3F60277D-B258-44DD-87B3-34E6D1414BCA}.Debug|iPhone.Build.0 = Debug|Any CPU
		{3F60277D-B258-44DD-87B3-34E6D1414BCA}.Debug|iPhone.Deploy.0 = Debug|Any CPU
		{3F60277D-B258-44DD-87B3-34E6D1414BCA}.Debug|iPhoneSimulator.ActiveCfg = Debug|Any CPU
		{3F60277D-B258-44DD-87B3-34E6D1414BCA}.Debug|iPhoneSimulator.Build.0 = Debug|Any CPU
		{3F60277D-B258-44DD-87B3-34E6D1414BCA}.Debug|iPhoneSimulator.Deploy.0 = Debug|Any CPU
		{3F60277D-B258-44DD-87B3-34E6D1414BCA}.Release|Any CPU.ActiveCfg = Release|Any CPU
		{3F60277D-B258-44DD-87B3-34E6D1414BCA}.Release|Any CPU.Build.0 = Release|Any CPU
		{3F60277D-B258-44DD-87B3-34E6D1414BCA}.Release|Any CPU.Deploy.0 = Release|Any CPU
		{3F60277D-B258-44DD-87B3-34E6D1414BCA}.Release|iPhone.ActiveCfg = Release|Any CPU
		{3F60277D-B258-44DD-87B3-34E6D1414BCA}.Release|iPhone.Build.0 = Release|Any CPU
		{3F60277D-B258-44DD-87B3-34E6D1414BCA}.Release|iPhone.Deploy.0 = Release|Any CPU
		{3F60277D-B258-44DD-87B3-34E6D1414BCA}.Release|iPhoneSimulator.ActiveCfg = Release|Any CPU
		{3F60277D-B258-44DD-87B3-34E6D1414BCA}.Release|iPhoneSimulator.Build.0 = Release|Any CPU
		{3F60277D-B258-44DD-87B3-34E6D1414BCA}.Release|iPhoneSimulator.Deploy.0 = Release|Any CPU
		{B8DA1FB9-3224-4248-B63F-D6606E7A7702}.Ad-Hoc|Any CPU.ActiveCfg = Ad-Hoc|iPhone
		{B8DA1FB9-3224-4248-B63F-D6606E7A7702}.Ad-Hoc|Any CPU.Build.0 = Ad-Hoc|iPhone
		{B8DA1FB9-3224-4248-B63F-D6606E7A7702}.Ad-Hoc|Any CPU.Deploy.0 = Ad-Hoc|iPhone
		{B8DA1FB9-3224-4248-B63F-D6606E7A7702}.Ad-Hoc|iPhone.ActiveCfg = Ad-Hoc|iPhone
		{B8DA1FB9-3224-4248-B63F-D6606E7A7702}.Ad-Hoc|iPhone.Build.0 = Ad-Hoc|iPhone
		{B8DA1FB9-3224-4248-B63F-D6606E7A7702}.Ad-Hoc|iPhone.Deploy.0 = Ad-Hoc|iPhone
		{B8DA1FB9-3224-4248-B63F-D6606E7A7702}.Ad-Hoc|iPhoneSimulator.ActiveCfg = Ad-Hoc|iPhoneSimulator
		{B8DA1FB9-3224-4248-B63F-D6606E7A7702}.Ad-Hoc|iPhoneSimulator.Build.0 = Ad-Hoc|iPhoneSimulator
		{B8DA1FB9-3224-4248-B63F-D6606E7A7702}.Ad-Hoc|iPhoneSimulator.Deploy.0 = Ad-Hoc|iPhoneSimulator
		{B8DA1FB9-3224-4248-B63F-D6606E7A7702}.AppStore|Any CPU.ActiveCfg = AppStore|iPhone
		{B8DA1FB9-3224-4248-B63F-D6606E7A7702}.AppStore|Any CPU.Build.0 = AppStore|iPhone
		{B8DA1FB9-3224-4248-B63F-D6606E7A7702}.AppStore|Any CPU.Deploy.0 = AppStore|iPhone
		{B8DA1FB9-3224-4248-B63F-D6606E7A7702}.AppStore|iPhone.ActiveCfg = AppStore|iPhone
		{B8DA1FB9-3224-4248-B63F-D6606E7A7702}.AppStore|iPhone.Build.0 = AppStore|iPhone
		{B8DA1FB9-3224-4248-B63F-D6606E7A7702}.AppStore|iPhone.Deploy.0 = AppStore|iPhone
		{B8DA1FB9-3224-4248-B63F-D6606E7A7702}.AppStore|iPhoneSimulator.ActiveCfg = AppStore|iPhoneSimulator
		{B8DA1FB9-3224-4248-B63F-D6606E7A7702}.AppStore|iPhoneSimulator.Build.0 = AppStore|iPhoneSimulator
		{B8DA1FB9-3224-4248-B63F-D6606E7A7702}.AppStore|iPhoneSimulator.Deploy.0 = AppStore|iPhoneSimulator
		{B8DA1FB9-3224-4248-B63F-D6606E7A7702}.Debug|Any CPU.ActiveCfg = Debug|iPhoneSimulator
		{B8DA1FB9-3224-4248-B63F-D6606E7A7702}.Debug|Any CPU.Build.0 = Debug|iPhoneSimulator
		{B8DA1FB9-3224-4248-B63F-D6606E7A7702}.Debug|Any CPU.Deploy.0 = Debug|iPhoneSimulator
		{B8DA1FB9-3224-4248-B63F-D6606E7A7702}.Debug|iPhone.ActiveCfg = Debug|iPhone
		{B8DA1FB9-3224-4248-B63F-D6606E7A7702}.Debug|iPhone.Build.0 = Debug|iPhone
		{B8DA1FB9-3224-4248-B63F-D6606E7A7702}.Debug|iPhone.Deploy.0 = Debug|iPhone
		{B8DA1FB9-3224-4248-B63F-D6606E7A7702}.Debug|iPhoneSimulator.ActiveCfg = Debug|iPhoneSimulator
		{B8DA1FB9-3224-4248-B63F-D6606E7A7702}.Debug|iPhoneSimulator.Build.0 = Debug|iPhoneSimulator
		{B8DA1FB9-3224-4248-B63F-D6606E7A7702}.Debug|iPhoneSimulator.Deploy.0 = Debug|iPhoneSimulator
		{B8DA1FB9-3224-4248-B63F-D6606E7A7702}.Release|Any CPU.ActiveCfg = Release|iPhone
		{B8DA1FB9-3224-4248-B63F-D6606E7A7702}.Release|Any CPU.Build.0 = Release|iPhone
		{B8DA1FB9-3224-4248-B63F-D6606E7A7702}.Release|Any CPU.Deploy.0 = Release|iPhone
		{B8DA1FB9-3224-4248-B63F-D6606E7A7702}.Release|iPhone.ActiveCfg = Release|iPhone
		{B8DA1FB9-3224-4248-B63F-D6606E7A7702}.Release|iPhone.Build.0 = Release|iPhone
		{B8DA1FB9-3224-4248-B63F-D6606E7A7702}.Release|iPhone.Deploy.0 = Release|iPhone
		{B8DA1FB9-3224-4248-B63F-D6606E7A7702}.Release|iPhoneSimulator.ActiveCfg = Release|iPhoneSimulator
		{B8DA1FB9-3224-4248-B63F-D6606E7A7702}.Release|iPhoneSimulator.Build.0 = Release|iPhoneSimulator
		{B8DA1FB9-3224-4248-B63F-D6606E7A7702}.Release|iPhoneSimulator.Deploy.0 = Release|iPhoneSimulator
		{3D0F9FC2-D896-497F-AC5B-B2F64BF4DF09}.Ad-Hoc|Any CPU.ActiveCfg = Debug|Any CPU
		{3D0F9FC2-D896-497F-AC5B-B2F64BF4DF09}.Ad-Hoc|Any CPU.Build.0 = Debug|Any CPU
		{3D0F9FC2-D896-497F-AC5B-B2F64BF4DF09}.Ad-Hoc|Any CPU.Deploy.0 = Debug|Any CPU
		{3D0F9FC2-D896-497F-AC5B-B2F64BF4DF09}.Ad-Hoc|iPhone.ActiveCfg = Debug|Any CPU
		{3D0F9FC2-D896-497F-AC5B-B2F64BF4DF09}.Ad-Hoc|iPhone.Build.0 = Debug|Any CPU
		{3D0F9FC2-D896-497F-AC5B-B2F64BF4DF09}.Ad-Hoc|iPhone.Deploy.0 = Debug|Any CPU
		{3D0F9FC2-D896-497F-AC5B-B2F64BF4DF09}.Ad-Hoc|iPhoneSimulator.ActiveCfg = Debug|Any CPU
		{3D0F9FC2-D896-497F-AC5B-B2F64BF4DF09}.Ad-Hoc|iPhoneSimulator.Build.0 = Debug|Any CPU
		{3D0F9FC2-D896-497F-AC5B-B2F64BF4DF09}.Ad-Hoc|iPhoneSimulator.Deploy.0 = Debug|Any CPU
		{3D0F9FC2-D896-497F-AC5B-B2F64BF4DF09}.AppStore|Any CPU.ActiveCfg = Debug|Any CPU
		{3D0F9FC2-D896-497F-AC5B-B2F64BF4DF09}.AppStore|Any CPU.Build.0 = Debug|Any CPU
		{3D0F9FC2-D896-497F-AC5B-B2F64BF4DF09}.AppStore|Any CPU.Deploy.0 = Debug|Any CPU
		{3D0F9FC2-D896-497F-AC5B-B2F64BF4DF09}.AppStore|iPhone.ActiveCfg = Debug|Any CPU
		{3D0F9FC2-D896-497F-AC5B-B2F64BF4DF09}.AppStore|iPhone.Build.0 = Debug|Any CPU
		{3D0F9FC2-D896-497F-AC5B-B2F64BF4DF09}.AppStore|iPhone.Deploy.0 = Debug|Any CPU
		{3D0F9FC2-D896-497F-AC5B-B2F64BF4DF09}.AppStore|iPhoneSimulator.ActiveCfg = Debug|Any CPU
		{3D0F9FC2-D896-497F-AC5B-B2F64BF4DF09}.AppStore|iPhoneSimulator.Build.0 = Debug|Any CPU
		{3D0F9FC2-D896-497F-AC5B-B2F64BF4DF09}.AppStore|iPhoneSimulator.Deploy.0 = Debug|Any CPU
		{3D0F9FC2-D896-497F-AC5B-B2F64BF4DF09}.Debug|Any CPU.ActiveCfg = Debug|Any CPU
		{3D0F9FC2-D896-497F-AC5B-B2F64BF4DF09}.Debug|Any CPU.Build.0 = Debug|Any CPU
		{3D0F9FC2-D896-497F-AC5B-B2F64BF4DF09}.Debug|Any CPU.Deploy.0 = Debug|Any CPU
		{3D0F9FC2-D896-497F-AC5B-B2F64BF4DF09}.Debug|iPhone.ActiveCfg = Debug|Any CPU
		{3D0F9FC2-D896-497F-AC5B-B2F64BF4DF09}.Debug|iPhone.Build.0 = Debug|Any CPU
		{3D0F9FC2-D896-497F-AC5B-B2F64BF4DF09}.Debug|iPhone.Deploy.0 = Debug|Any CPU
		{3D0F9FC2-D896-497F-AC5B-B2F64BF4DF09}.Debug|iPhoneSimulator.ActiveCfg = Debug|Any CPU
		{3D0F9FC2-D896-497F-AC5B-B2F64BF4DF09}.Debug|iPhoneSimulator.Build.0 = Debug|Any CPU
		{3D0F9FC2-D896-497F-AC5B-B2F64BF4DF09}.Debug|iPhoneSimulator.Deploy.0 = Debug|Any CPU
		{3D0F9FC2-D896-497F-AC5B-B2F64BF4DF09}.Release|Any CPU.ActiveCfg = Release|Any CPU
		{3D0F9FC2-D896-497F-AC5B-B2F64BF4DF09}.Release|Any CPU.Build.0 = Release|Any CPU
		{3D0F9FC2-D896-497F-AC5B-B2F64BF4DF09}.Release|Any CPU.Deploy.0 = Release|Any CPU
		{3D0F9FC2-D896-497F-AC5B-B2F64BF4DF09}.Release|iPhone.ActiveCfg = Release|Any CPU
		{3D0F9FC2-D896-497F-AC5B-B2F64BF4DF09}.Release|iPhone.Build.0 = Release|Any CPU
		{3D0F9FC2-D896-497F-AC5B-B2F64BF4DF09}.Release|iPhone.Deploy.0 = Release|Any CPU
		{3D0F9FC2-D896-497F-AC5B-B2F64BF4DF09}.Release|iPhoneSimulator.ActiveCfg = Release|Any CPU
		{3D0F9FC2-D896-497F-AC5B-B2F64BF4DF09}.Release|iPhoneSimulator.Build.0 = Release|Any CPU
		{3D0F9FC2-D896-497F-AC5B-B2F64BF4DF09}.Release|iPhoneSimulator.Deploy.0 = Release|Any CPU
	EndGlobalSection
	GlobalSection(SolutionProperties) = preSolution
		HideSolutionNode = FALSE
	EndGlobalSection
	GlobalSection(ExtensibilityGlobals) = postSolution
		SolutionGuid = {07D10163-A530-4305-948D-BC66EA7B0DC4}
	EndGlobalSection
EndGlobal
